
Microsoft Visual Studio Solution File, Format Version 12.00
# Visual Studio Version 17
VisualStudioVersion = 17.11.35327.3
MinimumVisualStudioVersion = 10.0.40219.1
Project("{9A19103F-16F7-4668-BE54-9A1E7A4F7556}") = "DittoBox.EdgeServer", "DittoBox.EdgeServer.csproj", "{87AFFA84-DDEF-48B3-B866-AAE27AD0931F}"
EndProject
Global
	GlobalSection(SolutionConfigurationPlatforms) = preSolution
		Debug|Any CPU = Debug|Any CPU
		Release|Any CPU = Release|Any CPU
	EndGlobalSection
	GlobalSection(ProjectConfigurationPlatforms) = postSolution
		{87AFFA84-DDEF-48B3-B866-AAE27AD0931F}.Debug|Any CPU.ActiveCfg = Debug|Any CPU
		{87AFFA84-DDEF-48B3-B866-AAE27AD0931F}.Debug|Any CPU.Build.0 = Debug|Any CPU
		{87AFFA84-DDEF-48B3-B866-AAE27AD0931F}.Release|Any CPU.ActiveCfg = Release|Any CPU
		{87AFFA84-DDEF-48B3-B866-AAE27AD0931F}.Release|Any CPU.Build.0 = Release|Any CPU
	EndGlobalSection
	GlobalSection(SolutionProperties) = preSolution
		HideSolutionNode = FALSE
	EndGlobalSection
	GlobalSection(ExtensibilityGlobals) = postSolution
		SolutionGuid = {E35A47AE-541F-476C-AD97-FD4C7DD4CCBF}
	EndGlobalSection
EndGlobal
